
Microsoft Visual Studio Solution File, Format Version 12.00
# Visual Studio Version 17
VisualStudioVersion = 17.0.31903.59
MinimumVisualStudioVersion = 10.0.40219.1
Project("{FAE04EC0-301F-11D3-BF4B-00C04F79EFBC}") = "Application", "Application\Application.csproj", "{23D6924F-797D-4567-A787-78B778C3771A}"
EndProject
Project("{FAE04EC0-301F-11D3-BF4B-00C04F79EFBC}") = "Domain", "Domain\Domain.csproj", "{1DCB7522-E5D6-42AF-A8BD-BF447FCBBDCC}"
EndProject
Project("{FAE04EC0-301F-11D3-BF4B-00C04F79EFBC}") = "Infrastructure", "Infrastructure\Infrastructure.csproj", "{B716EF52-CB75-4C48-9150-CC212176B862}"
EndProject
Project("{FAE04EC0-301F-11D3-BF4B-00C04F79EFBC}") = "webApi", "webApi\webApi.csproj", "{F0BCD5D7-97B2-4E90-98A5-3E4771A4AF65}"
EndProject
Global
	GlobalSection(SolutionConfigurationPlatforms) = preSolution
		Debug|Any CPU = Debug|Any CPU
		Debug|x64 = Debug|x64
		Debug|x86 = Debug|x86
		Release|Any CPU = Release|Any CPU
		Release|x64 = Release|x64
		Release|x86 = Release|x86
	EndGlobalSection
	GlobalSection(ProjectConfigurationPlatforms) = postSolution
		{23D6924F-797D-4567-A787-78B778C3771A}.Debug|Any CPU.ActiveCfg = Debug|Any CPU
		{23D6924F-797D-4567-A787-78B778C3771A}.Debug|Any CPU.Build.0 = Debug|Any CPU
		{23D6924F-797D-4567-A787-78B778C3771A}.Debug|x64.ActiveCfg = Debug|Any CPU
		{23D6924F-797D-4567-A787-78B778C3771A}.Debug|x64.Build.0 = Debug|Any CPU
		{23D6924F-797D-4567-A787-78B778C3771A}.Debug|x86.ActiveCfg = Debug|Any CPU
		{23D6924F-797D-4567-A787-78B778C3771A}.Debug|x86.Build.0 = Debug|Any CPU
		{23D6924F-797D-4567-A787-78B778C3771A}.Release|Any CPU.ActiveCfg = Release|Any CPU
		{23D6924F-797D-4567-A787-78B778C3771A}.Release|Any CPU.Build.0 = Release|Any CPU
		{23D6924F-797D-4567-A787-78B778C3771A}.Release|x64.ActiveCfg = Release|Any CPU
		{23D6924F-797D-4567-A787-78B778C3771A}.Release|x64.Build.0 = Release|Any CPU
		{23D6924F-797D-4567-A787-78B778C3771A}.Release|x86.ActiveCfg = Release|Any CPU
		{23D6924F-797D-4567-A787-78B778C3771A}.Release|x86.Build.0 = Release|Any CPU
		{1DCB7522-E5D6-42AF-A8BD-BF447FCBBDCC}.Debug|Any CPU.ActiveCfg = Debug|Any CPU
		{1DCB7522-E5D6-42AF-A8BD-BF447FCBBDCC}.Debug|Any CPU.Build.0 = Debug|Any CPU
		{1DCB7522-E5D6-42AF-A8BD-BF447FCBBDCC}.Debug|x64.ActiveCfg = Debug|Any CPU
		{1DCB7522-E5D6-42AF-A8BD-BF447FCBBDCC}.Debug|x64.Build.0 = Debug|Any CPU
		{1DCB7522-E5D6-42AF-A8BD-BF447FCBBDCC}.Debug|x86.ActiveCfg = Debug|Any CPU
		{1DCB7522-E5D6-42AF-A8BD-BF447FCBBDCC}.Debug|x86.Build.0 = Debug|Any CPU
		{1DCB7522-E5D6-42AF-A8BD-BF447FCBBDCC}.Release|Any CPU.ActiveCfg = Release|Any CPU
		{1DCB7522-E5D6-42AF-A8BD-BF447FCBBDCC}.Release|Any CPU.Build.0 = Release|Any CPU
		{1DCB7522-E5D6-42AF-A8BD-BF447FCBBDCC}.Release|x64.ActiveCfg = Release|Any CPU
		{1DCB7522-E5D6-42AF-A8BD-BF447FCBBDCC}.Release|x64.Build.0 = Release|Any CPU
		{1DCB7522-E5D6-42AF-A8BD-BF447FCBBDCC}.Release|x86.ActiveCfg = Release|Any CPU
		{1DCB7522-E5D6-42AF-A8BD-BF447FCBBDCC}.Release|x86.Build.0 = Release|Any CPU
		{B716EF52-CB75-4C48-9150-CC212176B862}.Debug|Any CPU.ActiveCfg = Debug|Any CPU
		{B716EF52-CB75-4C48-9150-CC212176B862}.Debug|Any CPU.Build.0 = Debug|Any CPU
		{B716EF52-CB75-4C48-9150-CC212176B862}.Debug|x64.ActiveCfg = Debug|Any CPU
		{B716EF52-CB75-4C48-9150-CC212176B862}.Debug|x64.Build.0 = Debug|Any CPU
		{B716EF52-CB75-4C48-9150-CC212176B862}.Debug|x86.ActiveCfg = Debug|Any CPU
		{B716EF52-CB75-4C48-9150-CC212176B862}.Debug|x86.Build.0 = Debug|Any CPU
		{B716EF52-CB75-4C48-9150-CC212176B862}.Release|Any CPU.ActiveCfg = Release|Any CPU
		{B716EF52-CB75-4C48-9150-CC212176B862}.Release|Any CPU.Build.0 = Release|Any CPU
		{B716EF52-CB75-4C48-9150-CC212176B862}.Release|x64.ActiveCfg = Release|Any CPU
		{B716EF52-CB75-4C48-9150-CC212176B862}.Release|x64.Build.0 = Release|Any CPU
		{B716EF52-CB75-4C48-9150-CC212176B862}.Release|x86.ActiveCfg = Release|Any CPU
		{B716EF52-CB75-4C48-9150-CC212176B862}.Release|x86.Build.0 = Release|Any CPU
		{F0BCD5D7-97B2-4E90-98A5-3E4771A4AF65}.Debug|Any CPU.ActiveCfg = Debug|Any CPU
		{F0BCD5D7-97B2-4E90-98A5-3E4771A4AF65}.Debug|Any CPU.Build.0 = Debug|Any CPU
		{F0BCD5D7-97B2-4E90-98A5-3E4771A4AF65}.Debug|x64.ActiveCfg = Debug|Any CPU
		{F0BCD5D7-97B2-4E90-98A5-3E4771A4AF65}.Debug|x64.Build.0 = Debug|Any CPU
		{F0BCD5D7-97B2-4E90-98A5-3E4771A4AF65}.Debug|x86.ActiveCfg = Debug|Any CPU
		{F0BCD5D7-97B2-4E90-98A5-3E4771A4AF65}.Debug|x86.Build.0 = Debug|Any CPU
		{F0BCD5D7-97B2-4E90-98A5-3E4771A4AF65}.Release|Any CPU.ActiveCfg = Release|Any CPU
		{F0BCD5D7-97B2-4E90-98A5-3E4771A4AF65}.Release|Any CPU.Build.0 = Release|Any CPU
		{F0BCD5D7-97B2-4E90-98A5-3E4771A4AF65}.Release|x64.ActiveCfg = Release|Any CPU
		{F0BCD5D7-97B2-4E90-98A5-3E4771A4AF65}.Release|x64.Build.0 = Release|Any CPU
		{F0BCD5D7-97B2-4E90-98A5-3E4771A4AF65}.Release|x86.ActiveCfg = Release|Any CPU
		{F0BCD5D7-97B2-4E90-98A5-3E4771A4AF65}.Release|x86.Build.0 = Release|Any CPU
	EndGlobalSection
	GlobalSection(SolutionProperties) = preSolution
		HideSolutionNode = FALSE
	EndGlobalSection
EndGlobal
